
Microsoft Visual Studio Solution File, Format Version 12.00
# Visual Studio Version 16
VisualStudioVersion = 16.0.31205.134
MinimumVisualStudioVersion = 10.0.40219.1
Project("{FAE04EC0-301F-11D3-BF4B-00C04F79EFBC}") = "Bank", "Bank\Bank.csproj", "{FFA4417F-CC0C-4B86-AB37-B572AAF1B337}"
EndProject
Project("{FAE04EC0-301F-11D3-BF4B-00C04F79EFBC}") = "BankTests", "BankTests\BankTests.csproj", "{7405247D-C250-4E13-A70B-B4AD1AC3DE0F}"
EndProject
Global
	GlobalSection(SolutionConfigurationPlatforms) = preSolution
		Debug|Any CPU = Debug|Any CPU
		Release|Any CPU = Release|Any CPU
	EndGlobalSection
	GlobalSection(ProjectConfigurationPlatforms) = postSolution
		{FFA4417F-CC0C-4B86-AB37-B572AAF1B337}.Debug|Any CPU.ActiveCfg = Debug|Any CPU
		{FFA4417F-CC0C-4B86-AB37-B572AAF1B337}.Debug|Any CPU.Build.0 = Debug|Any CPU
		{FFA4417F-CC0C-4B86-AB37-B572AAF1B337}.Release|Any CPU.ActiveCfg = Release|Any CPU
		{FFA4417F-CC0C-4B86-AB37-B572AAF1B337}.Release|Any CPU.Build.0 = Release|Any CPU
		{7405247D-C250-4E13-A70B-B4AD1AC3DE0F}.Debug|Any CPU.ActiveCfg = Debug|Any CPU
		{7405247D-C250-4E13-A70B-B4AD1AC3DE0F}.Debug|Any CPU.Build.0 = Debug|Any CPU
		{7405247D-C250-4E13-A70B-B4AD1AC3DE0F}.Release|Any CPU.ActiveCfg = Release|Any CPU
		{7405247D-C250-4E13-A70B-B4AD1AC3DE0F}.Release|Any CPU.Build.0 = Release|Any CPU
	EndGlobalSection
	GlobalSection(SolutionProperties) = preSolution
		HideSolutionNode = FALSE
	EndGlobalSection
	GlobalSection(ExtensibilityGlobals) = postSolution
		SolutionGuid = {B57E9DD3-90BF-430C-BB9D-A34969CF1113}
	EndGlobalSection
EndGlobal
