
Microsoft Visual Studio Solution File, Format Version 12.00
# Visual Studio Version 16
VisualStudioVersion = 16.0.30907.101
MinimumVisualStudioVersion = 10.0.40219.1
Project("{FAE04EC0-301F-11D3-BF4B-00C04F79EFBC}") = "Calculator-WVVM", "HelloWorldWPFMVVMApp\Calculator-WVVM.csproj", "{4BB6D1F3-3408-4A92-AF4A-5FF4C8F8742D}"
EndProject
Global
	GlobalSection(SolutionConfigurationPlatforms) = preSolution
		Debug|Any CPU = Debug|Any CPU
		Release|Any CPU = Release|Any CPU
	EndGlobalSection
	GlobalSection(ProjectConfigurationPlatforms) = postSolution
		{4BB6D1F3-3408-4A92-AF4A-5FF4C8F8742D}.Debug|Any CPU.ActiveCfg = Debug|Any CPU
		{4BB6D1F3-3408-4A92-AF4A-5FF4C8F8742D}.Debug|Any CPU.Build.0 = Debug|Any CPU
		{4BB6D1F3-3408-4A92-AF4A-5FF4C8F8742D}.Release|Any CPU.ActiveCfg = Release|Any CPU
		{4BB6D1F3-3408-4A92-AF4A-5FF4C8F8742D}.Release|Any CPU.Build.0 = Release|Any CPU
	EndGlobalSection
	GlobalSection(SolutionProperties) = preSolution
		HideSolutionNode = FALSE
	EndGlobalSection
	GlobalSection(ExtensibilityGlobals) = postSolution
		SolutionGuid = {83677FC7-A45B-4E2E-BF02-8F668016A2C7}
	EndGlobalSection
EndGlobal
